
Microsoft Visual Studio Solution File, Format Version 12.00
# Visual Studio Version 16
VisualStudioVersion = 16.0.29509.3
MinimumVisualStudioVersion = 10.0.40219.1
Project("{FAE04EC0-301F-11D3-BF4B-00C04F79EFBC}") = "MvcMovie", "MvcMovie\MvcMovie.csproj", "{62C7ED7B-5B3A-42EA-8AC0-E62C456571DB}"
EndProject
Global
	GlobalSection(SolutionConfigurationPlatforms) = preSolution
		Debug|Any CPU = Debug|Any CPU
		Release|Any CPU = Release|Any CPU
	EndGlobalSection
	GlobalSection(ProjectConfigurationPlatforms) = postSolution
		{62C7ED7B-5B3A-42EA-8AC0-E62C456571DB}.Debug|Any CPU.ActiveCfg = Debug|Any CPU
		{62C7ED7B-5B3A-42EA-8AC0-E62C456571DB}.Debug|Any CPU.Build.0 = Debug|Any CPU
		{62C7ED7B-5B3A-42EA-8AC0-E62C456571DB}.Release|Any CPU.ActiveCfg = Release|Any CPU
		{62C7ED7B-5B3A-42EA-8AC0-E62C456571DB}.Release|Any CPU.Build.0 = Release|Any CPU
	EndGlobalSection
	GlobalSection(SolutionProperties) = preSolution
		HideSolutionNode = FALSE
	EndGlobalSection
	GlobalSection(ExtensibilityGlobals) = postSolution
		SolutionGuid = {BCE8C0CF-8638-4513-A42C-3231BD78CA46}
	EndGlobalSection
EndGlobal
